
Microsoft Visual Studio Solution File, Format Version 12.00
# Visual Studio Version 17
VisualStudioVersion = 17.8.34525.116
MinimumVisualStudioVersion = 10.0.40219.1
Project("{9A19103F-16F7-4668-BE54-9A1E7A4F7556}") = "Portifolio", "Portifolio\Portifolio.csproj", "{03B4E7B8-A6FE-49DC-9834-18C1A1BE7A98}"
EndProject
Project("{FAE04EC0-301F-11D3-BF4B-00C04F79EFBC}") = "Encapsulamento", "Encapsulamento\Encapsulamento.csproj", "{EC78283F-6A86-41AB-B627-8E1A61EA6F5C}"
EndProject
Global
	GlobalSection(SolutionConfigurationPlatforms) = preSolution
		Debug|Any CPU = Debug|Any CPU
		Release|Any CPU = Release|Any CPU
	EndGlobalSection
	GlobalSection(ProjectConfigurationPlatforms) = postSolution
		{03B4E7B8-A6FE-49DC-9834-18C1A1BE7A98}.Debug|Any CPU.ActiveCfg = Debug|Any CPU
		{03B4E7B8-A6FE-49DC-9834-18C1A1BE7A98}.Debug|Any CPU.Build.0 = Debug|Any CPU
		{03B4E7B8-A6FE-49DC-9834-18C1A1BE7A98}.Release|Any CPU.ActiveCfg = Release|Any CPU
		{03B4E7B8-A6FE-49DC-9834-18C1A1BE7A98}.Release|Any CPU.Build.0 = Release|Any CPU
		{EC78283F-6A86-41AB-B627-8E1A61EA6F5C}.Debug|Any CPU.ActiveCfg = Debug|Any CPU
		{EC78283F-6A86-41AB-B627-8E1A61EA6F5C}.Debug|Any CPU.Build.0 = Debug|Any CPU
		{EC78283F-6A86-41AB-B627-8E1A61EA6F5C}.Release|Any CPU.ActiveCfg = Release|Any CPU
		{EC78283F-6A86-41AB-B627-8E1A61EA6F5C}.Release|Any CPU.Build.0 = Release|Any CPU
	EndGlobalSection
	GlobalSection(SolutionProperties) = preSolution
		HideSolutionNode = FALSE
	EndGlobalSection
	GlobalSection(ExtensibilityGlobals) = postSolution
		SolutionGuid = {AB71905B-F0A6-496E-A091-8090509E2DB9}
	EndGlobalSection
EndGlobal
